
Microsoft Visual Studio Solution File, Format Version 12.00
# Visual Studio Version 17
VisualStudioVersion = 17.14.36414.22 d17.14
MinimumVisualStudioVersion = 10.0.40219.1
Project("{FAE04EC0-301F-11D3-BF4B-00C04F79EFBC}") = "BookLibraryAPI", "BookLibraryAPI.csproj", "{D67E22C8-0FB0-4218-8D53-5E87C7B0BBB7}"
EndProject
Global
	GlobalSection(SolutionConfigurationPlatforms) = preSolution
		Debug|Any CPU = Debug|Any CPU
		Release|Any CPU = Release|Any CPU
	EndGlobalSection
	GlobalSection(ProjectConfigurationPlatforms) = postSolution
		{D67E22C8-0FB0-4218-8D53-5E87C7B0BBB7}.Debug|Any CPU.ActiveCfg = Debug|Any CPU
		{D67E22C8-0FB0-4218-8D53-5E87C7B0BBB7}.Debug|Any CPU.Build.0 = Debug|Any CPU
		{D67E22C8-0FB0-4218-8D53-5E87C7B0BBB7}.Release|Any CPU.ActiveCfg = Release|Any CPU
		{D67E22C8-0FB0-4218-8D53-5E87C7B0BBB7}.Release|Any CPU.Build.0 = Release|Any CPU
	EndGlobalSection
	GlobalSection(SolutionProperties) = preSolution
		HideSolutionNode = FALSE
	EndGlobalSection
	GlobalSection(ExtensibilityGlobals) = postSolution
		SolutionGuid = {829FB7A6-1648-4734-8615-C1DE2FABA3E8}
	EndGlobalSection
EndGlobal
